
Microsoft Visual Studio Solution File, Format Version 12.00
# Visual Studio 15
VisualStudioVersion = 15.0.27130.2010
MinimumVisualStudioVersion = 10.0.40219.1
Project("{FAE04EC0-301F-11D3-BF4B-00C04F79EFBC}") = "TalesOnTransport.Back", "TalesOnTransport.Back\TalesOnTransport.Back.csproj", "{5D6E8033-3531-4608-B8AD-36025F6DECAF}"
EndProject
Global
	GlobalSection(SolutionConfigurationPlatforms) = preSolution
		Debug|Any CPU = Debug|Any CPU
		Release|Any CPU = Release|Any CPU
	EndGlobalSection
	GlobalSection(ProjectConfigurationPlatforms) = postSolution
		{5D6E8033-3531-4608-B8AD-36025F6DECAF}.Debug|Any CPU.ActiveCfg = Debug|Any CPU
		{5D6E8033-3531-4608-B8AD-36025F6DECAF}.Debug|Any CPU.Build.0 = Debug|Any CPU
		{5D6E8033-3531-4608-B8AD-36025F6DECAF}.Release|Any CPU.ActiveCfg = Release|Any CPU
		{5D6E8033-3531-4608-B8AD-36025F6DECAF}.Release|Any CPU.Build.0 = Release|Any CPU
	EndGlobalSection
	GlobalSection(SolutionProperties) = preSolution
		HideSolutionNode = FALSE
	EndGlobalSection
	GlobalSection(ExtensibilityGlobals) = postSolution
		SolutionGuid = {54B89F49-7464-4F8B-8C4C-FF3D36457E13}
	EndGlobalSection
EndGlobal
